
Microsoft Visual Studio Solution File, Format Version 12.00
# Visual Studio 14
VisualStudioVersion = 14.0.22823.1
MinimumVisualStudioVersion = 10.0.40219.1
Project("{2150E333-8FDC-42A3-9474-1A3956D46DE8}") = "src", "src", "{97C54C90-1415-4BA7-AEE4-703F739E6DCE}"
EndProject
Project("{2150E333-8FDC-42A3-9474-1A3956D46DE8}") = "Solution Items", "Solution Items", "{87F8353F-25CE-430C-A659-4255E876E2B4}"
	ProjectSection(SolutionItems) = preProject
		global.json = global.json
	EndProjectSection
EndProject
Project("{8BB2217D-0F2D-49D1-97BC-3654ED321F3B}") = "WebApi", "src\WebApi\WebApi.xproj", "{82FEE8A1-11A8-4792-BE2D-41C94A70516E}"
EndProject
Project("{888888A0-9F3D-457C-B088-3A5042F75D52}") = "Spa", "src\Spa\Spa.pyproj", "{68631CCB-BABA-4C6F-A114-29AAEAD67818}"
EndProject
Global
	GlobalSection(SolutionConfigurationPlatforms) = preSolution
		Debug|Any CPU = Debug|Any CPU
		Release|Any CPU = Release|Any CPU
	EndGlobalSection
	GlobalSection(ProjectConfigurationPlatforms) = postSolution
		{82FEE8A1-11A8-4792-BE2D-41C94A70516E}.Debug|Any CPU.ActiveCfg = Debug|Any CPU
		{82FEE8A1-11A8-4792-BE2D-41C94A70516E}.Debug|Any CPU.Build.0 = Debug|Any CPU
		{82FEE8A1-11A8-4792-BE2D-41C94A70516E}.Release|Any CPU.ActiveCfg = Release|Any CPU
		{82FEE8A1-11A8-4792-BE2D-41C94A70516E}.Release|Any CPU.Build.0 = Release|Any CPU
		{68631CCB-BABA-4C6F-A114-29AAEAD67818}.Debug|Any CPU.ActiveCfg = Debug|Any CPU
		{68631CCB-BABA-4C6F-A114-29AAEAD67818}.Debug|Any CPU.Build.0 = Debug|Any CPU
		{68631CCB-BABA-4C6F-A114-29AAEAD67818}.Release|Any CPU.ActiveCfg = Release|Any CPU
		{68631CCB-BABA-4C6F-A114-29AAEAD67818}.Release|Any CPU.Build.0 = Release|Any CPU
	EndGlobalSection
	GlobalSection(SolutionProperties) = preSolution
		HideSolutionNode = FALSE
	EndGlobalSection
	GlobalSection(NestedProjects) = preSolution
		{82FEE8A1-11A8-4792-BE2D-41C94A70516E} = {97C54C90-1415-4BA7-AEE4-703F739E6DCE}
		{68631CCB-BABA-4C6F-A114-29AAEAD67818} = {97C54C90-1415-4BA7-AEE4-703F739E6DCE}
	EndGlobalSection
EndGlobal
